{
  "object": {
    "pins": [
      {
        "package": "KochavaCore",
        "repositoryURL": "https://github.com/Kochava/Apple-SwiftPackage-KochavaCore",
        "state": {
          "branch": null,
          "revision": "c8cf7738a95463607e0f163606560db5f7e1f00e",
          "version": "4.0.0"
        }
      },
      {
        "package": "KochavaTracker",
        "repositoryURL": "https://github.com/Kochava/Apple-SwiftPackage-KochavaTracker.git",
        "state": {
          "branch": null,
          "revision": "86a1692bc1ddbd4e339a5ddd6390f1273199dddd",
          "version": "4.0.0"
        }
      },
      {
        "package": "mParticle-Apple-SDK",
        "repositoryURL": "git@github.com:mParticle/mparticle-apple-sdk.git",
        "state": {
          "branch": null,
          "revision": "90eba99fc6b1d2c0ebf8e6aed27bc8cab71d2ab1",
          "version": "8.0.1"
        }
      }
    ]
  },
  "version": 1
}
